
Microsoft Visual Studio Solution File, Format Version 12.00
# Visual Studio Version 17
VisualStudioVersion = 17.12.35514.174 d17.12
MinimumVisualStudioVersion = 10.0.40219.1
Project("{FAE04EC0-301F-11D3-BF4B-00C04F79EFBC}") = "Adarsh_Studio", "Adarsh_Studio\Adarsh_Studio.csproj", "{EABD4CE2-E639-4B1E-8348-05D3C04A3FDE}"
EndProject
Global
	GlobalSection(SolutionConfigurationPlatforms) = preSolution
		Debug|Any CPU = Debug|Any CPU
		Release|Any CPU = Release|Any CPU
	EndGlobalSection
	GlobalSection(ProjectConfigurationPlatforms) = postSolution
		{EABD4CE2-E639-4B1E-8348-05D3C04A3FDE}.Debug|Any CPU.ActiveCfg = Debug|Any CPU
		{EABD4CE2-E639-4B1E-8348-05D3C04A3FDE}.Debug|Any CPU.Build.0 = Debug|Any CPU
		{EABD4CE2-E639-4B1E-8348-05D3C04A3FDE}.Release|Any CPU.ActiveCfg = Release|Any CPU
		{EABD4CE2-E639-4B1E-8348-05D3C04A3FDE}.Release|Any CPU.Build.0 = Release|Any CPU
	EndGlobalSection
	GlobalSection(SolutionProperties) = preSolution
		HideSolutionNode = FALSE
	EndGlobalSection
EndGlobal
